
Microsoft Visual Studio Solution File, Format Version 12.00
# Visual Studio 2013
VisualStudioVersion = 12.0.21005.1
MinimumVisualStudioVersion = 10.0.40219.1
Project("{FAE04EC0-301F-11D3-BF4B-00C04F79EFBC}") = "VVS System", "VVS System\VVS System.csproj", "{5450B16C-4B17-4042-B9C3-81AE4AC1D569}"
EndProject
Project("{2150E333-8FDC-42A3-9474-1A3956D46DE8}") = ".nuget", ".nuget", "{178145F2-2A1C-403A-AE6F-9116687221E7}"
	ProjectSection(SolutionItems) = preProject
		.nuget\NuGet.Config = .nuget\NuGet.Config
		.nuget\NuGet.exe = .nuget\NuGet.exe
		.nuget\NuGet.targets = .nuget\NuGet.targets
	EndProjectSection
EndProject
Global
	GlobalSection(SolutionConfigurationPlatforms) = preSolution
		Debug|Any CPU = Debug|Any CPU
		Release|Any CPU = Release|Any CPU
	EndGlobalSection
	GlobalSection(ProjectConfigurationPlatforms) = postSolution
		{5450B16C-4B17-4042-B9C3-81AE4AC1D569}.Debug|Any CPU.ActiveCfg = Debug|Any CPU
		{5450B16C-4B17-4042-B9C3-81AE4AC1D569}.Debug|Any CPU.Build.0 = Debug|Any CPU
		{5450B16C-4B17-4042-B9C3-81AE4AC1D569}.Release|Any CPU.ActiveCfg = Release|Any CPU
		{5450B16C-4B17-4042-B9C3-81AE4AC1D569}.Release|Any CPU.Build.0 = Release|Any CPU
	EndGlobalSection
	GlobalSection(SolutionProperties) = preSolution
		HideSolutionNode = FALSE
	EndGlobalSection
EndGlobal
